// !$*UTF8*$!
{
	archiveVersion = 1;
	classes = {
	};
	objectVersion = 48;
	objects = {

/* Begin PBXBuildFile section */
		631D574F20528D1A001B8434 /* GPUImage.framework in Frameworks */ = {isa = PBXBuildFile; fileRef = 631D574A20528CCE001B8434 /* GPUImage.framework */; };
		631D575120528D40001B8434 /* GPUImage.framework in CopyFiles */ = {isa = PBXBuildFile; fileRef = 631D574A20528CCE001B8434 /* GPUImage.framework */; settings = {ATTRIBUTES = (CodeSignOnCopy, RemoveHeadersOnCopy, ); }; };
		6379DD70205177C300D6FA7C /* tessdata in Resources */ = {isa = PBXBuildFile; fileRef = 6379DD6F205177C200D6FA7C /* tessdata */; };
		6379DD722051780200D6FA7C /* libstdc++.6.0.9.tbd in Frameworks */ = {isa = PBXBuildFile; fileRef = 6379DD712051780200D6FA7C /* libstdc++.6.0.9.tbd */; };
		6379DD742051780B00D6FA7C /* CoreImage.framework in Frameworks */ = {isa = PBXBuildFile; fileRef = 6379DD732051780B00D6FA7C /* CoreImage.framework */; };
		6379DD752051781500D6FA7C /* TesseractOCR.framework in Frameworks */ = {isa = PBXBuildFile; fileRef = 6379DD762051781500D6FA7C /* TesseractOCR.framework */; };
		6379DD782051840E00D6FA7C /* LibraryController.swift in Sources */ = {isa = PBXBuildFile; fileRef = 6379DD772051840E00D6FA7C /* LibraryController.swift */; };
		6379DD7A20518CC100D6FA7C /* EditController.swift in Sources */ = {isa = PBXBuildFile; fileRef = 6379DD7920518CC100D6FA7C /* EditController.swift */; };
		7374CFC19B36D481C6B9191A /* Pods_Readsome.framework in Frameworks */ = {isa = PBXBuildFile; fileRef = DC5C65387E8E040A2666DFB0 /* Pods_Readsome.framework */; };
		BDC6F853FE9C9865BD260E65 /* Pods_ReadsomeUITests.framework in Frameworks */ = {isa = PBXBuildFile; fileRef = F4C22E048330E92A745F7771 /* Pods_ReadsomeUITests.framework */; };
		D3113857204D56D200DF47AF /* AppDelegate.swift in Sources */ = {isa = PBXBuildFile; fileRef = D3113856204D56D200DF47AF /* AppDelegate.swift */; };
		D311385C204D56D200DF47AF /* Main.storyboard in Resources */ = {isa = PBXBuildFile; fileRef = D311385A204D56D200DF47AF /* Main.storyboard */; };
		D311385F204D56D200DF47AF /* Readsome.xcdatamodeld in Sources */ = {isa = PBXBuildFile; fileRef = D311385D204D56D200DF47AF /* Readsome.xcdatamodeld */; };
		D3113861204D56D200DF47AF /* Assets.xcassets in Resources */ = {isa = PBXBuildFile; fileRef = D3113860204D56D200DF47AF /* Assets.xcassets */; };
		D3113864204D56D200DF47AF /* LaunchScreen.storyboard in Resources */ = {isa = PBXBuildFile; fileRef = D3113862204D56D200DF47AF /* LaunchScreen.storyboard */; };
		D311386F204D56D200DF47AF /* ReadsomeTests.swift in Sources */ = {isa = PBXBuildFile; fileRef = D311386E204D56D200DF47AF /* ReadsomeTests.swift */; };
		D311387A204D56D300DF47AF /* ReadsomeUITests.swift in Sources */ = {isa = PBXBuildFile; fileRef = D3113879204D56D300DF47AF /* ReadsomeUITests.swift */; };
		D33BB75820500DC10046C8CF /* TextHighlightingController.swift in Sources */ = {isa = PBXBuildFile; fileRef = D33BB75720500DC10046C8CF /* TextHighlightingController.swift */; };
		D33BB75A205036770046C8CF /* UIColor.swift in Sources */ = {isa = PBXBuildFile; fileRef = D33BB759205036770046C8CF /* UIColor.swift */; };
		D3B64AE32051AB66004A58BB /* OpenDyslexic-Bold.otf in Resources */ = {isa = PBXBuildFile; fileRef = D3B64AD92051A829004A58BB /* OpenDyslexic-Bold.otf */; };
		D3B64AE42051AB66004A58BB /* OpenDyslexic-Regular.otf in Resources */ = {isa = PBXBuildFile; fileRef = D3B64ADA2051A82B004A58BB /* OpenDyslexic-Regular.otf */; };
		D3B64AE52051AB66004A58BB /* TestMeAlt02-Bold.otf in Resources */ = {isa = PBXBuildFile; fileRef = D3B64ADB2051A82E004A58BB /* TestMeAlt02-Bold.otf */; };
		D3B64AE62051AB66004A58BB /* TestMeAlt02-Regular.otf in Resources */ = {isa = PBXBuildFile; fileRef = D3B64ADC2051A831004A58BB /* TestMeAlt02-Regular.otf */; };
		D3B64AE82051E07C004A58BB /* UIViewController.swift in Sources */ = {isa = PBXBuildFile; fileRef = D3B64AE72051E07C004A58BB /* UIViewController.swift */; };
		D3B64AFE2051F8F9004A58BB /* ScannedTextManager.swift in Sources */ = {isa = PBXBuildFile; fileRef = D3B64AFD2051F8F9004A58BB /* ScannedTextManager.swift */; };
		D3B64B002051FE2D004A58BB /* LibraryCell.swift in Sources */ = {isa = PBXBuildFile; fileRef = D3B64AFF2051FE2D004A58BB /* LibraryCell.swift */; };
		D3B64B032052707C004A58BB /* ScannedText+CoreDataClass.swift in Sources */ = {isa = PBXBuildFile; fileRef = D3B64B012052707C004A58BB /* ScannedText+CoreDataClass.swift */; };
		D3B64B042052707C004A58BB /* ScannedText+CoreDataProperties.swift in Sources */ = {isa = PBXBuildFile; fileRef = D3B64B022052707C004A58BB /* ScannedText+CoreDataProperties.swift */; };
		D3B72081204EA2D500A6F00C /* TextAppearanceController.swift in Sources */ = {isa = PBXBuildFile; fileRef = D3B72080204EA2D500A6F00C /* TextAppearanceController.swift */; };
		D3B72083204EFF8A00A6F00C /* LetterHighlightingController.swift in Sources */ = {isa = PBXBuildFile; fileRef = D3B72082204EFF8A00A6F00C /* LetterHighlightingController.swift */; };
		D3B72085204F043E00A6F00C /* LetterHighlightingCell.swift in Sources */ = {isa = PBXBuildFile; fileRef = D3B72084204F043E00A6F00C /* LetterHighlightingCell.swift */; };
		D3E2BF452052AB7200EFEADD /* ReaderController.swift in Sources */ = {isa = PBXBuildFile; fileRef = D3E2BF442052AB7200EFEADD /* ReaderController.swift */; };
		FD17F39E4B5A1C5623353697 /* Pods_ReadsomeTests.framework in Frameworks */ = {isa = PBXBuildFile; fileRef = D0703719165AB25B73FE98A9 /* Pods_ReadsomeTests.framework */; };
/* End PBXBuildFile section */

/* Begin PBXContainerItemProxy section */
		631D574520528CCE001B8434 /* PBXContainerItemProxy */ = {
			isa = PBXContainerItemProxy;
			containerPortal = 631D573E20528CCE001B8434 /* GPUImage.xcodeproj */;
			proxyType = 2;
			remoteGlobalIDString = BC6E7CAB1C39A9D8006DF678;
			remoteInfo = GPUImage_macOS;
		};
		631D574720528CCE001B8434 /* PBXContainerItemProxy */ = {
			isa = PBXContainerItemProxy;
			containerPortal = 631D573E20528CCE001B8434 /* GPUImage.xcodeproj */;
			proxyType = 2;
			remoteGlobalIDString = BC6E7CB51C39A9D8006DF678;
			remoteInfo = GPUImageTests_macOS;
		};
		631D574920528CCE001B8434 /* PBXContainerItemProxy */ = {
			isa = PBXContainerItemProxy;
			containerPortal = 631D573E20528CCE001B8434 /* GPUImage.xcodeproj */;
			proxyType = 2;
			remoteGlobalIDString = BC9E34E91E524A2200B8604F;
			remoteInfo = GPUImage_iOS;
		};
		631D574B20528CCE001B8434 /* PBXContainerItemProxy */ = {
			isa = PBXContainerItemProxy;
			containerPortal = 631D573E20528CCE001B8434 /* GPUImage.xcodeproj */;
			proxyType = 2;
			remoteGlobalIDString = BC9E34F11E524A2200B8604F;
			remoteInfo = GPUImageTests_iOS;
		};
		631D574D20528CF3001B8434 /* PBXContainerItemProxy */ = {
			isa = PBXContainerItemProxy;
			containerPortal = 631D573E20528CCE001B8434 /* GPUImage.xcodeproj */;
			proxyType = 1;
			remoteGlobalIDString = BC9E34E81E524A2200B8604F;
			remoteInfo = GPUImage_iOS;
		};
		D311386B204D56D200DF47AF /* PBXContainerItemProxy */ = {
			isa = PBXContainerItemProxy;
			containerPortal = D311384B204D56D200DF47AF /* Project object */;
			proxyType = 1;
			remoteGlobalIDString = D3113852204D56D200DF47AF;
			remoteInfo = Readsome;
		};
		D3113876204D56D300DF47AF /* PBXContainerItemProxy */ = {
			isa = PBXContainerItemProxy;
			containerPortal = D311384B204D56D200DF47AF /* Project object */;
			proxyType = 1;
			remoteGlobalIDString = D3113852204D56D200DF47AF;
			remoteInfo = Readsome;
		};
/* End PBXContainerItemProxy section */

/* Begin PBXCopyFilesBuildPhase section */
		631D575020528D23001B8434 /* CopyFiles */ = {
			isa = PBXCopyFilesBuildPhase;
			buildActionMask = 2147483647;
			dstPath = "";
			dstSubfolderSpec = 10;
			files = (
				631D575120528D40001B8434 /* GPUImage.framework in CopyFiles */,
			);
			runOnlyForDeploymentPostprocessing = 0;
		};
/* End PBXCopyFilesBuildPhase section */

/* Begin PBXFileReference section */
		1A5EAC65B80E1117132DB106 /* Pods-Readsome.release.xcconfig */ = {isa = PBXFileReference; includeInIndex = 1; lastKnownFileType = text.xcconfig; name = "Pods-Readsome.release.xcconfig"; path = "Pods/Target Support Files/Pods-Readsome/Pods-Readsome.release.xcconfig"; sourceTree = "<group>"; };
		41C40D68DC2F2CF534730B08 /* Pods-ReadsomeTests.debug.xcconfig */ = {isa = PBXFileReference; includeInIndex = 1; lastKnownFileType = text.xcconfig; name = "Pods-ReadsomeTests.debug.xcconfig"; path = "Pods/Target Support Files/Pods-ReadsomeTests/Pods-ReadsomeTests.debug.xcconfig"; sourceTree = "<group>"; };
		631D573E20528CCE001B8434 /* GPUImage.xcodeproj */ = {isa = PBXFileReference; lastKnownFileType = "wrapper.pb-project"; name = GPUImage.xcodeproj; path = GPUImage2/GPUImage.xcodeproj; sourceTree = "<group>"; };
		6379DD6F205177C200D6FA7C /* tessdata */ = {isa = PBXFileReference; lastKnownFileType = folder; path = tessdata; sourceTree = "<group>"; };
		6379DD712051780200D6FA7C /* libstdc++.6.0.9.tbd */ = {isa = PBXFileReference; lastKnownFileType = "sourcecode.text-based-dylib-definition"; name = "libstdc++.6.0.9.tbd"; path = "usr/lib/libstdc++.6.0.9.tbd"; sourceTree = SDKROOT; };
		6379DD732051780B00D6FA7C /* CoreImage.framework */ = {isa = PBXFileReference; lastKnownFileType = wrapper.framework; name = CoreImage.framework; path = System/Library/Frameworks/CoreImage.framework; sourceTree = SDKROOT; };
		6379DD762051781500D6FA7C /* TesseractOCR.framework */ = {isa = PBXFileReference; explicitFileType = wrapper.framework; path = TesseractOCR.framework; sourceTree = BUILT_PRODUCTS_DIR; };
		6379DD772051840E00D6FA7C /* LibraryController.swift */ = {isa = PBXFileReference; lastKnownFileType = sourcecode.swift; path = LibraryController.swift; sourceTree = "<group>"; };
		6379DD7920518CC100D6FA7C /* EditController.swift */ = {isa = PBXFileReference; lastKnownFileType = sourcecode.swift; path = EditController.swift; sourceTree = "<group>"; };
		82E44719498EB3066EE543DC /* Pods-ReadsomeTests.release.xcconfig */ = {isa = PBXFileReference; includeInIndex = 1; lastKnownFileType = text.xcconfig; name = "Pods-ReadsomeTests.release.xcconfig"; path = "Pods/Target Support Files/Pods-ReadsomeTests/Pods-ReadsomeTests.release.xcconfig"; sourceTree = "<group>"; };
		A9BB21CFBA135987DFE0946E /* Pods-ReadsomeUITests.release.xcconfig */ = {isa = PBXFileReference; includeInIndex = 1; lastKnownFileType = text.xcconfig; name = "Pods-ReadsomeUITests.release.xcconfig"; path = "Pods/Target Support Files/Pods-ReadsomeUITests/Pods-ReadsomeUITests.release.xcconfig"; sourceTree = "<group>"; };
		BC32574FBB018C01F75E6A18 /* Pods-Readsome.debug.xcconfig */ = {isa = PBXFileReference; includeInIndex = 1; lastKnownFileType = text.xcconfig; name = "Pods-Readsome.debug.xcconfig"; path = "Pods/Target Support Files/Pods-Readsome/Pods-Readsome.debug.xcconfig"; sourceTree = "<group>"; };
		BD8B2BDFEDE4D415558566AC /* Pods-ReadsomeUITests.debug.xcconfig */ = {isa = PBXFileReference; includeInIndex = 1; lastKnownFileType = text.xcconfig; name = "Pods-ReadsomeUITests.debug.xcconfig"; path = "Pods/Target Support Files/Pods-ReadsomeUITests/Pods-ReadsomeUITests.debug.xcconfig"; sourceTree = "<group>"; };
		D0703719165AB25B73FE98A9 /* Pods_ReadsomeTests.framework */ = {isa = PBXFileReference; explicitFileType = wrapper.framework; includeInIndex = 0; path = Pods_ReadsomeTests.framework; sourceTree = BUILT_PRODUCTS_DIR; };
		D3113853204D56D200DF47AF /* Readsome.app */ = {isa = PBXFileReference; explicitFileType = wrapper.application; includeInIndex = 0; path = Readsome.app; sourceTree = BUILT_PRODUCTS_DIR; };
		D3113856204D56D200DF47AF /* AppDelegate.swift */ = {isa = PBXFileReference; lastKnownFileType = sourcecode.swift; path = AppDelegate.swift; sourceTree = "<group>"; };
		D311385B204D56D200DF47AF /* Base */ = {isa = PBXFileReference; lastKnownFileType = file.storyboard; name = Base; path = Base.lproj/Main.storyboard; sourceTree = "<group>"; };
		D311385E204D56D200DF47AF /* Readsome.xcdatamodel */ = {isa = PBXFileReference; lastKnownFileType = wrapper.xcdatamodel; path = Readsome.xcdatamodel; sourceTree = "<group>"; };
		D3113860204D56D200DF47AF /* Assets.xcassets */ = {isa = PBXFileReference; lastKnownFileType = folder.assetcatalog; path = Assets.xcassets; sourceTree = "<group>"; };
		D3113863204D56D200DF47AF /* Base */ = {isa = PBXFileReference; lastKnownFileType = file.storyboard; name = Base; path = Base.lproj/LaunchScreen.storyboard; sourceTree = "<group>"; };
		D3113865204D56D200DF47AF /* Info.plist */ = {isa = PBXFileReference; lastKnownFileType = text.plist.xml; path = Info.plist; sourceTree = "<group>"; };
		D311386A204D56D200DF47AF /* ReadsomeTests.xctest */ = {isa = PBXFileReference; explicitFileType = wrapper.cfbundle; includeInIndex = 0; path = ReadsomeTests.xctest; sourceTree = BUILT_PRODUCTS_DIR; };
		D311386E204D56D200DF47AF /* ReadsomeTests.swift */ = {isa = PBXFileReference; lastKnownFileType = sourcecode.swift; path = ReadsomeTests.swift; sourceTree = "<group>"; };
		D3113870204D56D200DF47AF /* Info.plist */ = {isa = PBXFileReference; lastKnownFileType = text.plist.xml; path = Info.plist; sourceTree = "<group>"; };
		D3113875204D56D300DF47AF /* ReadsomeUITests.xctest */ = {isa = PBXFileReference; explicitFileType = wrapper.cfbundle; includeInIndex = 0; path = ReadsomeUITests.xctest; sourceTree = BUILT_PRODUCTS_DIR; };
		D3113879204D56D300DF47AF /* ReadsomeUITests.swift */ = {isa = PBXFileReference; lastKnownFileType = sourcecode.swift; path = ReadsomeUITests.swift; sourceTree = "<group>"; };
		D311387B204D56D300DF47AF /* Info.plist */ = {isa = PBXFileReference; lastKnownFileType = text.plist.xml; path = Info.plist; sourceTree = "<group>"; };
		D33BB75720500DC10046C8CF /* TextHighlightingController.swift */ = {isa = PBXFileReference; lastKnownFileType = sourcecode.swift; path = TextHighlightingController.swift; sourceTree = "<group>"; };
		D33BB759205036770046C8CF /* UIColor.swift */ = {isa = PBXFileReference; lastKnownFileType = sourcecode.swift; path = UIColor.swift; sourceTree = "<group>"; };
		D3B64AD92051A829004A58BB /* OpenDyslexic-Bold.otf */ = {isa = PBXFileReference; lastKnownFileType = file; path = "OpenDyslexic-Bold.otf"; sourceTree = "<group>"; };
		D3B64ADA2051A82B004A58BB /* OpenDyslexic-Regular.otf */ = {isa = PBXFileReference; lastKnownFileType = file; path = "OpenDyslexic-Regular.otf"; sourceTree = "<group>"; };
		D3B64ADB2051A82E004A58BB /* TestMeAlt02-Bold.otf */ = {isa = PBXFileReference; lastKnownFileType = file; path = "TestMeAlt02-Bold.otf"; sourceTree = "<group>"; };
		D3B64ADC2051A831004A58BB /* TestMeAlt02-Regular.otf */ = {isa = PBXFileReference; lastKnownFileType = file; path = "TestMeAlt02-Regular.otf"; sourceTree = "<group>"; };
		D3B64AE72051E07C004A58BB /* UIViewController.swift */ = {isa = PBXFileReference; lastKnownFileType = sourcecode.swift; path = UIViewController.swift; sourceTree = "<group>"; };
		D3B64AFD2051F8F9004A58BB /* ScannedTextManager.swift */ = {isa = PBXFileReference; lastKnownFileType = sourcecode.swift; path = ScannedTextManager.swift; sourceTree = "<group>"; };
		D3B64AFF2051FE2D004A58BB /* LibraryCell.swift */ = {isa = PBXFileReference; lastKnownFileType = sourcecode.swift; path = LibraryCell.swift; sourceTree = "<group>"; };
		D3B64B012052707C004A58BB /* ScannedText+CoreDataClass.swift */ = {isa = PBXFileReference; lastKnownFileType = sourcecode.swift; path = "ScannedText+CoreDataClass.swift"; sourceTree = "<group>"; };
		D3B64B022052707C004A58BB /* ScannedText+CoreDataProperties.swift */ = {isa = PBXFileReference; lastKnownFileType = sourcecode.swift; path = "ScannedText+CoreDataProperties.swift"; sourceTree = "<group>"; };
		D3B72080204EA2D500A6F00C /* TextAppearanceController.swift */ = {isa = PBXFileReference; lastKnownFileType = sourcecode.swift; path = TextAppearanceController.swift; sourceTree = "<group>"; };
		D3B72082204EFF8A00A6F00C /* LetterHighlightingController.swift */ = {isa = PBXFileReference; lastKnownFileType = sourcecode.swift; path = LetterHighlightingController.swift; sourceTree = "<group>"; };
		D3B72084204F043E00A6F00C /* LetterHighlightingCell.swift */ = {isa = PBXFileReference; lastKnownFileType = sourcecode.swift; path = LetterHighlightingCell.swift; sourceTree = "<group>"; };
		D3E2BF442052AB7200EFEADD /* ReaderController.swift */ = {isa = PBXFileReference; lastKnownFileType = sourcecode.swift; path = ReaderController.swift; sourceTree = "<group>"; };
		DC5C65387E8E040A2666DFB0 /* Pods_Readsome.framework */ = {isa = PBXFileReference; explicitFileType = wrapper.framework; includeInIndex = 0; path = Pods_Readsome.framework; sourceTree = BUILT_PRODUCTS_DIR; };
		F4C22E048330E92A745F7771 /* Pods_ReadsomeUITests.framework */ = {isa = PBXFileReference; explicitFileType = wrapper.framework; includeInIndex = 0; path = Pods_ReadsomeUITests.framework; sourceTree = BUILT_PRODUCTS_DIR; };
/* End PBXFileReference section */

/* Begin PBXFrameworksBuildPhase section */
		D3113850204D56D200DF47AF /* Frameworks */ = {
			isa = PBXFrameworksBuildPhase;
			buildActionMask = 2147483647;
			files = (
				631D574F20528D1A001B8434 /* GPUImage.framework in Frameworks */,
				6379DD752051781500D6FA7C /* TesseractOCR.framework in Frameworks */,
				6379DD742051780B00D6FA7C /* CoreImage.framework in Frameworks */,
				6379DD722051780200D6FA7C /* libstdc++.6.0.9.tbd in Frameworks */,
				7374CFC19B36D481C6B9191A /* Pods_Readsome.framework in Frameworks */,
			);
			runOnlyForDeploymentPostprocessing = 0;
		};
		D3113867204D56D200DF47AF /* Frameworks */ = {
			isa = PBXFrameworksBuildPhase;
			buildActionMask = 2147483647;
			files = (
				FD17F39E4B5A1C5623353697 /* Pods_ReadsomeTests.framework in Frameworks */,
			);
			runOnlyForDeploymentPostprocessing = 0;
		};
		D3113872204D56D300DF47AF /* Frameworks */ = {
			isa = PBXFrameworksBuildPhase;
			buildActionMask = 2147483647;
			files = (
				BDC6F853FE9C9865BD260E65 /* Pods_ReadsomeUITests.framework in Frameworks */,
			);
			runOnlyForDeploymentPostprocessing = 0;
		};
/* End PBXFrameworksBuildPhase section */

/* Begin PBXGroup section */
		2DCFF093099A94253482C1BC /* Pods */ = {
			isa = PBXGroup;
			children = (
				BC32574FBB018C01F75E6A18 /* Pods-Readsome.debug.xcconfig */,
				1A5EAC65B80E1117132DB106 /* Pods-Readsome.release.xcconfig */,
				41C40D68DC2F2CF534730B08 /* Pods-ReadsomeTests.debug.xcconfig */,
				82E44719498EB3066EE543DC /* Pods-ReadsomeTests.release.xcconfig */,
				BD8B2BDFEDE4D415558566AC /* Pods-ReadsomeUITests.debug.xcconfig */,
				A9BB21CFBA135987DFE0946E /* Pods-ReadsomeUITests.release.xcconfig */,
			);
			name = Pods;
			sourceTree = "<group>";
		};
		4FAB19C833F367806E0D025D /* Frameworks */ = {
			isa = PBXGroup;
			children = (
				6379DD762051781500D6FA7C /* TesseractOCR.framework */,
				6379DD732051780B00D6FA7C /* CoreImage.framework */,
				6379DD712051780200D6FA7C /* libstdc++.6.0.9.tbd */,
				DC5C65387E8E040A2666DFB0 /* Pods_Readsome.framework */,
				D0703719165AB25B73FE98A9 /* Pods_ReadsomeTests.framework */,
				F4C22E048330E92A745F7771 /* Pods_ReadsomeUITests.framework */,
			);
			name = Frameworks;
			sourceTree = "<group>";
		};
		631D573F20528CCE001B8434 /* Products */ = {
			isa = PBXGroup;
			children = (
				631D574620528CCE001B8434 /* GPUImage.framework */,
				631D574820528CCE001B8434 /* GPUImageTests_macOS.xctest */,
				631D574A20528CCE001B8434 /* GPUImage.framework */,
				631D574C20528CCE001B8434 /* GPUImageTests_iOS.xctest */,
			);
			name = Products;
			sourceTree = "<group>";
		};
		D311384A204D56D200DF47AF = {
			isa = PBXGroup;
			children = (
				631D573E20528CCE001B8434 /* GPUImage.xcodeproj */,
				D3B64AD92051A829004A58BB /* OpenDyslexic-Bold.otf */,
				D3B64ADA2051A82B004A58BB /* OpenDyslexic-Regular.otf */,
				D3B64ADB2051A82E004A58BB /* TestMeAlt02-Bold.otf */,
				D3B64ADC2051A831004A58BB /* TestMeAlt02-Regular.otf */,
				D3113855204D56D200DF47AF /* Readsome */,
				D311386D204D56D200DF47AF /* ReadsomeTests */,
				D3113878204D56D300DF47AF /* ReadsomeUITests */,
				D3113854204D56D200DF47AF /* Products */,
				2DCFF093099A94253482C1BC /* Pods */,
				4FAB19C833F367806E0D025D /* Frameworks */,
			);
			sourceTree = "<group>";
		};
		D3113854204D56D200DF47AF /* Products */ = {
			isa = PBXGroup;
			children = (
				D3113853204D56D200DF47AF /* Readsome.app */,
				D311386A204D56D200DF47AF /* ReadsomeTests.xctest */,
				D3113875204D56D300DF47AF /* ReadsomeUITests.xctest */,
			);
			name = Products;
			sourceTree = "<group>";
		};
		D3113855204D56D200DF47AF /* Readsome */ = {
			isa = PBXGroup;
			children = (
				D3B64B012052707C004A58BB /* ScannedText+CoreDataClass.swift */,
				D3B64B022052707C004A58BB /* ScannedText+CoreDataProperties.swift */,
				D3113856204D56D200DF47AF /* AppDelegate.swift */,
				D311385A204D56D200DF47AF /* Main.storyboard */,
				6379DD772051840E00D6FA7C /* LibraryController.swift */,
				D3113860204D56D200DF47AF /* Assets.xcassets */,
				D3113862204D56D200DF47AF /* LaunchScreen.storyboard */,
				D3113865204D56D200DF47AF /* Info.plist */,
				D311385D204D56D200DF47AF /* Readsome.xcdatamodeld */,
				D3B72080204EA2D500A6F00C /* TextAppearanceController.swift */,
				D3B72082204EFF8A00A6F00C /* LetterHighlightingController.swift */,
				D3B72084204F043E00A6F00C /* LetterHighlightingCell.swift */,
				D33BB75720500DC10046C8CF /* TextHighlightingController.swift */,
				6379DD6F205177C200D6FA7C /* tessdata */,
				D33BB759205036770046C8CF /* UIColor.swift */,
				6379DD7920518CC100D6FA7C /* EditController.swift */,
				D3B64AE72051E07C004A58BB /* UIViewController.swift */,
				D3B64AFD2051F8F9004A58BB /* ScannedTextManager.swift */,
				D3B64AFF2051FE2D004A58BB /* LibraryCell.swift */,
				D3E2BF442052AB7200EFEADD /* ReaderController.swift */,
			);
			path = Readsome;
			sourceTree = "<group>";
		};
		D311386D204D56D200DF47AF /* ReadsomeTests */ = {
			isa = PBXGroup;
			children = (
				D311386E204D56D200DF47AF /* ReadsomeTests.swift */,
				D3113870204D56D200DF47AF /* Info.plist */,
			);
			path = ReadsomeTests;
			sourceTree = "<group>";
		};
		D3113878204D56D300DF47AF /* ReadsomeUITests */ = {
			isa = PBXGroup;
			children = (
				D3113879204D56D300DF47AF /* ReadsomeUITests.swift */,
				D311387B204D56D300DF47AF /* Info.plist */,
			);
			path = ReadsomeUITests;
			sourceTree = "<group>";
		};
/* End PBXGroup section */

/* Begin PBXNativeTarget section */
		D3113852204D56D200DF47AF /* Readsome */ = {
			isa = PBXNativeTarget;
			buildConfigurationList = D311387E204D56D300DF47AF /* Build configuration list for PBXNativeTarget "Readsome" */;
			buildPhases = (
				CBE10184F91FDBAACE522B07 /* [CP] Check Pods Manifest.lock */,
				D311384F204D56D200DF47AF /* Sources */,
				D3113850204D56D200DF47AF /* Frameworks */,
				D3113851204D56D200DF47AF /* Resources */,
				6C42C8E16691A4B7E45C2551 /* [CP] Embed Pods Frameworks */,
				DBDE11ADACD5592A3723E0CA /* [CP] Copy Pods Resources */,
				631D575020528D23001B8434 /* CopyFiles */,
			);
			buildRules = (
			);
			dependencies = (
				631D574E20528CF3001B8434 /* PBXTargetDependency */,
			);
			name = Readsome;
			productName = Readsome;
			productReference = D3113853204D56D200DF47AF /* Readsome.app */;
			productType = "com.apple.product-type.application";
		};
		D3113869204D56D200DF47AF /* ReadsomeTests */ = {
			isa = PBXNativeTarget;
			buildConfigurationList = D3113881204D56D300DF47AF /* Build configuration list for PBXNativeTarget "ReadsomeTests" */;
			buildPhases = (
				2AFB0EAE91AB730A49CC9864 /* [CP] Check Pods Manifest.lock */,
				D3113866204D56D200DF47AF /* Sources */,
				D3113867204D56D200DF47AF /* Frameworks */,
				D3113868204D56D200DF47AF /* Resources */,
				B46766E9A346A327746F39BD /* [CP] Embed Pods Frameworks */,
				78B51A0D7F8609F36BF85AC5 /* [CP] Copy Pods Resources */,
			);
			buildRules = (
			);
			dependencies = (
				D311386C204D56D200DF47AF /* PBXTargetDependency */,
			);
			name = ReadsomeTests;
			productName = ReadsomeTests;
			productReference = D311386A204D56D200DF47AF /* ReadsomeTests.xctest */;
			productType = "com.apple.product-type.bundle.unit-test";
		};
		D3113874204D56D300DF47AF /* ReadsomeUITests */ = {
			isa = PBXNativeTarget;
			buildConfigurationList = D3113884204D56D300DF47AF /* Build configuration list for PBXNativeTarget "ReadsomeUITests" */;
			buildPhases = (
				B7AF0C92B9D5B2FA609D160E /* [CP] Check Pods Manifest.lock */,
				D3113871204D56D300DF47AF /* Sources */,
				D3113872204D56D300DF47AF /* Frameworks */,
				D3113873204D56D300DF47AF /* Resources */,
				D965762C4B4F6A5C489B2913 /* [CP] Embed Pods Frameworks */,
				210A740D966C9C71FB3E942C /* [CP] Copy Pods Resources */,
			);
			buildRules = (
			);
			dependencies = (
				D3113877204D56D300DF47AF /* PBXTargetDependency */,
			);
			name = ReadsomeUITests;
			productName = ReadsomeUITests;
			productReference = D3113875204D56D300DF47AF /* ReadsomeUITests.xctest */;
			productType = "com.apple.product-type.bundle.ui-testing";
		};
/* End PBXNativeTarget section */

/* Begin PBXProject section */
		D311384B204D56D200DF47AF /* Project object */ = {
			isa = PBXProject;
			attributes = {
				LastSwiftUpdateCheck = 0920;
				LastUpgradeCheck = 0920;
				ORGANIZATIONNAME = Readsome;
				TargetAttributes = {
					D3113852204D56D200DF47AF = {
						CreatedOnToolsVersion = 9.2;
						ProvisioningStyle = Automatic;
					};
					D3113869204D56D200DF47AF = {
						CreatedOnToolsVersion = 9.2;
						ProvisioningStyle = Automatic;
						TestTargetID = D3113852204D56D200DF47AF;
					};
					D3113874204D56D300DF47AF = {
						CreatedOnToolsVersion = 9.2;
						ProvisioningStyle = Automatic;
						TestTargetID = D3113852204D56D200DF47AF;
					};
				};
			};
			buildConfigurationList = D311384E204D56D200DF47AF /* Build configuration list for PBXProject "Readsome" */;
			compatibilityVersion = "Xcode 8.0";
			developmentRegion = en;
			hasScannedForEncodings = 0;
			knownRegions = (
				en,
				Base,
			);
			mainGroup = D311384A204D56D200DF47AF;
			productRefGroup = D3113854204D56D200DF47AF /* Products */;
			projectDirPath = "";
			projectReferences = (
				{
					ProductGroup = 631D573F20528CCE001B8434 /* Products */;
					ProjectRef = 631D573E20528CCE001B8434 /* GPUImage.xcodeproj */;
				},
			);
			projectRoot = "";
			targets = (
				D3113852204D56D200DF47AF /* Readsome */,
				D3113869204D56D200DF47AF /* ReadsomeTests */,
				D3113874204D56D300DF47AF /* ReadsomeUITests */,
			);
		};
/* End PBXProject section */

/* Begin PBXReferenceProxy section */
		631D574620528CCE001B8434 /* GPUImage.framework */ = {
			isa = PBXReferenceProxy;
			fileType = wrapper.framework;
			path = GPUImage.framework;
			remoteRef = 631D574520528CCE001B8434 /* PBXContainerItemProxy */;
			sourceTree = BUILT_PRODUCTS_DIR;
		};
		631D574820528CCE001B8434 /* GPUImageTests_macOS.xctest */ = {
			isa = PBXReferenceProxy;
			fileType = wrapper.cfbundle;
			path = GPUImageTests_macOS.xctest;
			remoteRef = 631D574720528CCE001B8434 /* PBXContainerItemProxy */;
			sourceTree = BUILT_PRODUCTS_DIR;
		};
		631D574A20528CCE001B8434 /* GPUImage.framework */ = {
			isa = PBXReferenceProxy;
			fileType = wrapper.framework;
			path = GPUImage.framework;
			remoteRef = 631D574920528CCE001B8434 /* PBXContainerItemProxy */;
			sourceTree = BUILT_PRODUCTS_DIR;
		};
		631D574C20528CCE001B8434 /* GPUImageTests_iOS.xctest */ = {
			isa = PBXReferenceProxy;
			fileType = wrapper.cfbundle;
			path = GPUImageTests_iOS.xctest;
			remoteRef = 631D574B20528CCE001B8434 /* PBXContainerItemProxy */;
			sourceTree = BUILT_PRODUCTS_DIR;
		};
/* End PBXReferenceProxy section */

/* Begin PBXResourcesBuildPhase section */
		D3113851204D56D200DF47AF /* Resources */ = {
			isa = PBXResourcesBuildPhase;
			buildActionMask = 2147483647;
			files = (
				D3B64AE32051AB66004A58BB /* OpenDyslexic-Bold.otf in Resources */,
				D3B64AE42051AB66004A58BB /* OpenDyslexic-Regular.otf in Resources */,
				D3B64AE52051AB66004A58BB /* TestMeAlt02-Bold.otf in Resources */,
				D3B64AE62051AB66004A58BB /* TestMeAlt02-Regular.otf in Resources */,
				D3113864204D56D200DF47AF /* LaunchScreen.storyboard in Resources */,
				6379DD70205177C300D6FA7C /* tessdata in Resources */,
				D3113861204D56D200DF47AF /* Assets.xcassets in Resources */,
				D311385C204D56D200DF47AF /* Main.storyboard in Resources */,
			);
			runOnlyForDeploymentPostprocessing = 0;
		};
		D3113868204D56D200DF47AF /* Resources */ = {
			isa = PBXResourcesBuildPhase;
			buildActionMask = 2147483647;
			files = (
			);
			runOnlyForDeploymentPostprocessing = 0;
		};
		D3113873204D56D300DF47AF /* Resources */ = {
			isa = PBXResourcesBuildPhase;
			buildActionMask = 2147483647;
			files = (
			);
			runOnlyForDeploymentPostprocessing = 0;
		};
/* End PBXResourcesBuildPhase section */

/* Begin PBXShellScriptBuildPhase section */
		210A740D966C9C71FB3E942C /* [CP] Copy Pods Resources */ = {
			isa = PBXShellScriptBuildPhase;
			buildActionMask = 2147483647;
			files = (
			);
			inputPaths = (
			);
			name = "[CP] Copy Pods Resources";
			outputPaths = (
			);
			runOnlyForDeploymentPostprocessing = 0;
			shellPath = /bin/sh;
			shellScript = "\"${SRCROOT}/Pods/Target Support Files/Pods-ReadsomeUITests/Pods-ReadsomeUITests-resources.sh\"\n";
			showEnvVarsInLog = 0;
		};
		2AFB0EAE91AB730A49CC9864 /* [CP] Check Pods Manifest.lock */ = {
			isa = PBXShellScriptBuildPhase;
			buildActionMask = 2147483647;
			files = (
			);
			inputPaths = (
				"${PODS_PODFILE_DIR_PATH}/Podfile.lock",
				"${PODS_ROOT}/Manifest.lock",
			);
			name = "[CP] Check Pods Manifest.lock";
			outputPaths = (
				"$(DERIVED_FILE_DIR)/Pods-ReadsomeTests-checkManifestLockResult.txt",
			);
			runOnlyForDeploymentPostprocessing = 0;
			shellPath = /bin/sh;
			shellScript = "diff \"${PODS_PODFILE_DIR_PATH}/Podfile.lock\" \"${PODS_ROOT}/Manifest.lock\" > /dev/null\nif [ $? != 0 ] ; then\n    # print error to STDERR\n    echo \"error: The sandbox is not in sync with the Podfile.lock. Run 'pod install' or update your CocoaPods installation.\" >&2\n    exit 1\nfi\n# This output is used by Xcode 'outputs' to avoid re-running this script phase.\necho \"SUCCESS\" > \"${SCRIPT_OUTPUT_FILE_0}\"\n";
			showEnvVarsInLog = 0;
		};
		6C42C8E16691A4B7E45C2551 /* [CP] Embed Pods Frameworks */ = {
			isa = PBXShellScriptBuildPhase;
			buildActionMask = 2147483647;
			files = (
			);
			inputPaths = (
				"${SRCROOT}/Pods/Target Support Files/Pods-Readsome/Pods-Readsome-frameworks.sh",
				"${BUILT_PRODUCTS_DIR}/ActionSheetPicker-3.0/ActionSheetPicker_3_0.framework",
				"${BUILT_PRODUCTS_DIR}/TesseractOCRiOS/TesseractOCR.framework",
			);
			name = "[CP] Embed Pods Frameworks";
			outputPaths = (
				"${TARGET_BUILD_DIR}/${FRAMEWORKS_FOLDER_PATH}/ActionSheetPicker_3_0.framework",
				"${TARGET_BUILD_DIR}/${FRAMEWORKS_FOLDER_PATH}/TesseractOCR.framework",
			);
			runOnlyForDeploymentPostprocessing = 0;
			shellPath = /bin/sh;
			shellScript = "\"${SRCROOT}/Pods/Target Support Files/Pods-Readsome/Pods-Readsome-frameworks.sh\"\n";
			showEnvVarsInLog = 0;
		};
		78B51A0D7F8609F36BF85AC5 /* [CP] Copy Pods Resources */ = {
			isa = PBXShellScriptBuildPhase;
			buildActionMask = 2147483647;
			files = (
			);
			inputPaths = (
			);
			name = "[CP] Copy Pods Resources";
			outputPaths = (
			);
			runOnlyForDeploymentPostprocessing = 0;
			shellPath = /bin/sh;
			shellScript = "\"${SRCROOT}/Pods/Target Support Files/Pods-ReadsomeTests/Pods-ReadsomeTests-resources.sh\"\n";
			showEnvVarsInLog = 0;
		};
		B46766E9A346A327746F39BD /* [CP] Embed Pods Frameworks */ = {
			isa = PBXShellScriptBuildPhase;
			buildActionMask = 2147483647;
			files = (
			);
			inputPaths = (
			);
			name = "[CP] Embed Pods Frameworks";
			outputPaths = (
			);
			runOnlyForDeploymentPostprocessing = 0;
			shellPath = /bin/sh;
			shellScript = "\"${SRCROOT}/Pods/Target Support Files/Pods-ReadsomeTests/Pods-ReadsomeTests-frameworks.sh\"\n";
			showEnvVarsInLog = 0;
		};
		B7AF0C92B9D5B2FA609D160E /* [CP] Check Pods Manifest.lock */ = {
			isa = PBXShellScriptBuildPhase;
			buildActionMask = 2147483647;
			files = (
			);
			inputPaths = (
				"${PODS_PODFILE_DIR_PATH}/Podfile.lock",
				"${PODS_ROOT}/Manifest.lock",
			);
			name = "[CP] Check Pods Manifest.lock";
			outputPaths = (
				"$(DERIVED_FILE_DIR)/Pods-ReadsomeUITests-checkManifestLockResult.txt",
			);
			runOnlyForDeploymentPostprocessing = 0;
			shellPath = /bin/sh;
			shellScript = "diff \"${PODS_PODFILE_DIR_PATH}/Podfile.lock\" \"${PODS_ROOT}/Manifest.lock\" > /dev/null\nif [ $? != 0 ] ; then\n    # print error to STDERR\n    echo \"error: The sandbox is not in sync with the Podfile.lock. Run 'pod install' or update your CocoaPods installation.\" >&2\n    exit 1\nfi\n# This output is used by Xcode 'outputs' to avoid re-running this script phase.\necho \"SUCCESS\" > \"${SCRIPT_OUTPUT_FILE_0}\"\n";
			showEnvVarsInLog = 0;
		};
		CBE10184F91FDBAACE522B07 /* [CP] Check Pods Manifest.lock */ = {
			isa = PBXShellScriptBuildPhase;
			buildActionMask = 2147483647;
			files = (
			);
			inputPaths = (
				"${PODS_PODFILE_DIR_PATH}/Podfile.lock",
				"${PODS_ROOT}/Manifest.lock",
			);
			name = "[CP] Check Pods Manifest.lock";
			outputPaths = (
				"$(DERIVED_FILE_DIR)/Pods-Readsome-checkManifestLockResult.txt",
			);
			runOnlyForDeploymentPostprocessing = 0;
			shellPath = /bin/sh;
			shellScript = "diff \"${PODS_PODFILE_DIR_PATH}/Podfile.lock\" \"${PODS_ROOT}/Manifest.lock\" > /dev/null\nif [ $? != 0 ] ; then\n    # print error to STDERR\n    echo \"error: The sandbox is not in sync with the Podfile.lock. Run 'pod install' or update your CocoaPods installation.\" >&2\n    exit 1\nfi\n# This output is used by Xcode 'outputs' to avoid re-running this script phase.\necho \"SUCCESS\" > \"${SCRIPT_OUTPUT_FILE_0}\"\n";
			showEnvVarsInLog = 0;
		};
		D965762C4B4F6A5C489B2913 /* [CP] Embed Pods Frameworks */ = {
			isa = PBXShellScriptBuildPhase;
			buildActionMask = 2147483647;
			files = (
			);
			inputPaths = (
			);
			name = "[CP] Embed Pods Frameworks";
			outputPaths = (
			);
			runOnlyForDeploymentPostprocessing = 0;
			shellPath = /bin/sh;
			shellScript = "\"${SRCROOT}/Pods/Target Support Files/Pods-ReadsomeUITests/Pods-ReadsomeUITests-frameworks.sh\"\n";
			showEnvVarsInLog = 0;
		};
		DBDE11ADACD5592A3723E0CA /* [CP] Copy Pods Resources */ = {
			isa = PBXShellScriptBuildPhase;
			buildActionMask = 2147483647;
			files = (
			);
			inputPaths = (
			);
			name = "[CP] Copy Pods Resources";
			outputPaths = (
			);
			runOnlyForDeploymentPostprocessing = 0;
			shellPath = /bin/sh;
			shellScript = "\"${SRCROOT}/Pods/Target Support Files/Pods-Readsome/Pods-Readsome-resources.sh\"\n";
			showEnvVarsInLog = 0;
		};
/* End PBXShellScriptBuildPhase section */

/* Begin PBXSourcesBuildPhase section */
		D311384F204D56D200DF47AF /* Sources */ = {
			isa = PBXSourcesBuildPhase;
			buildActionMask = 2147483647;
			files = (
				D3B72083204EFF8A00A6F00C /* LetterHighlightingController.swift in Sources */,
				D3B64B002051FE2D004A58BB /* LibraryCell.swift in Sources */,
				D3E2BF452052AB7200EFEADD /* ReaderController.swift in Sources */,
				6379DD7A20518CC100D6FA7C /* EditController.swift in Sources */,
				D3B64AFE2051F8F9004A58BB /* ScannedTextManager.swift in Sources */,
				D33BB75A205036770046C8CF /* UIColor.swift in Sources */,
				D311385F204D56D200DF47AF /* Readsome.xcdatamodeld in Sources */,
				D3B64AE82051E07C004A58BB /* UIViewController.swift in Sources */,
				6379DD782051840E00D6FA7C /* LibraryController.swift in Sources */,
				D3B72085204F043E00A6F00C /* LetterHighlightingCell.swift in Sources */,
				D3B64B042052707C004A58BB /* ScannedText+CoreDataProperties.swift in Sources */,
				D3B72081204EA2D500A6F00C /* TextAppearanceController.swift in Sources */,
				D33BB75820500DC10046C8CF /* TextHighlightingController.swift in Sources */,
				D3B64B032052707C004A58BB /* ScannedText+CoreDataClass.swift in Sources */,
				D3113857204D56D200DF47AF /* AppDelegate.swift in Sources */,
			);
			runOnlyForDeploymentPostprocessing = 0;
		};
		D3113866204D56D200DF47AF /* Sources */ = {
			isa = PBXSourcesBuildPhase;
			buildActionMask = 2147483647;
			files = (
				D311386F204D56D200DF47AF /* ReadsomeTests.swift in Sources */,
			);
			runOnlyForDeploymentPostprocessing = 0;
		};
		D3113871204D56D300DF47AF /* Sources */ = {
			isa = PBXSourcesBuildPhase;
			buildActionMask = 2147483647;
			files = (
				D311387A204D56D300DF47AF /* ReadsomeUITests.swift in Sources */,
			);
			runOnlyForDeploymentPostprocessing = 0;
		};
/* End PBXSourcesBuildPhase section */

/* Begin PBXTargetDependency section */
		631D574E20528CF3001B8434 /* PBXTargetDependency */ = {
			isa = PBXTargetDependency;
			name = GPUImage_iOS;
			targetProxy = 631D574D20528CF3001B8434 /* PBXContainerItemProxy */;
		};
		D311386C204D56D200DF47AF /* PBXTargetDependency */ = {
			isa = PBXTargetDependency;
			target = D3113852204D56D200DF47AF /* Readsome */;
			targetProxy = D311386B204D56D200DF47AF /* PBXContainerItemProxy */;
		};
		D3113877204D56D300DF47AF /* PBXTargetDependency */ = {
			isa = PBXTargetDependency;
			target = D3113852204D56D200DF47AF /* Readsome */;
			targetProxy = D3113876204D56D300DF47AF /* PBXContainerItemProxy */;
		};
/* End PBXTargetDependency section */

/* Begin PBXVariantGroup section */
		D311385A204D56D200DF47AF /* Main.storyboard */ = {
			isa = PBXVariantGroup;
			children = (
				D311385B204D56D200DF47AF /* Base */,
			);
			name = Main.storyboard;
			sourceTree = "<group>";
		};
		D3113862204D56D200DF47AF /* LaunchScreen.storyboard */ = {
			isa = PBXVariantGroup;
			children = (
				D3113863204D56D200DF47AF /* Base */,
			);
			name = LaunchScreen.storyboard;
			sourceTree = "<group>";
		};
/* End PBXVariantGroup section */

/* Begin XCBuildConfiguration section */
		D311387C204D56D300DF47AF /* Debug */ = {
			isa = XCBuildConfiguration;
			buildSettings = {
				ALWAYS_SEARCH_USER_PATHS = NO;
				CLANG_ANALYZER_NONNULL = YES;
				CLANG_ANALYZER_NUMBER_OBJECT_CONVERSION = YES_AGGRESSIVE;
				CLANG_CXX_LANGUAGE_STANDARD = "gnu++14";
				CLANG_CXX_LIBRARY = "libc++";
				CLANG_ENABLE_MODULES = YES;
				CLANG_ENABLE_OBJC_ARC = YES;
				CLANG_WARN_BLOCK_CAPTURE_AUTORELEASING = YES;
				CLANG_WARN_BOOL_CONVERSION = YES;
				CLANG_WARN_COMMA = YES;
				CLANG_WARN_CONSTANT_CONVERSION = YES;
				CLANG_WARN_DIRECT_OBJC_ISA_USAGE = YES_ERROR;
				CLANG_WARN_DOCUMENTATION_COMMENTS = YES;
				CLANG_WARN_EMPTY_BODY = YES;
				CLANG_WARN_ENUM_CONVERSION = YES;
				CLANG_WARN_INFINITE_RECURSION = YES;
				CLANG_WARN_INT_CONVERSION = YES;
				CLANG_WARN_NON_LITERAL_NULL_CONVERSION = YES;
				CLANG_WARN_OBJC_LITERAL_CONVERSION = YES;
				CLANG_WARN_OBJC_ROOT_CLASS = YES_ERROR;
				CLANG_WARN_RANGE_LOOP_ANALYSIS = YES;
				CLANG_WARN_STRICT_PROTOTYPES = YES;
				CLANG_WARN_SUSPICIOUS_MOVE = YES;
				CLANG_WARN_UNGUARDED_AVAILABILITY = YES_AGGRESSIVE;
				CLANG_WARN_UNREACHABLE_CODE = YES;
				CLANG_WARN__DUPLICATE_METHOD_MATCH = YES;
				CODE_SIGN_IDENTITY = "iPhone Developer";
				COPY_PHASE_STRIP = NO;
				DEBUG_INFORMATION_FORMAT = dwarf;
				ENABLE_BITCODE = NO;
				ENABLE_STRICT_OBJC_MSGSEND = YES;
				ENABLE_TESTABILITY = YES;
				GCC_C_LANGUAGE_STANDARD = gnu11;
				GCC_DYNAMIC_NO_PIC = NO;
				GCC_NO_COMMON_BLOCKS = YES;
				GCC_OPTIMIZATION_LEVEL = 0;
				GCC_PREPROCESSOR_DEFINITIONS = (
					"DEBUG=1",
					"$(inherited)",
				);
				GCC_WARN_64_TO_32_BIT_CONVERSION = YES;
				GCC_WARN_ABOUT_RETURN_TYPE = YES_ERROR;
				GCC_WARN_UNDECLARED_SELECTOR = YES;
				GCC_WARN_UNINITIALIZED_AUTOS = YES_AGGRESSIVE;
				GCC_WARN_UNUSED_FUNCTION = YES;
				GCC_WARN_UNUSED_VARIABLE = YES;
				IPHONEOS_DEPLOYMENT_TARGET = 11.2;
				MTL_ENABLE_DEBUG_INFO = YES;
				ONLY_ACTIVE_ARCH = YES;
				SDKROOT = iphoneos;
				SWIFT_ACTIVE_COMPILATION_CONDITIONS = DEBUG;
				SWIFT_OPTIMIZATION_LEVEL = "-Onone";
			};
			name = Debug;
		};
		D311387D204D56D300DF47AF /* Release */ = {
			isa = XCBuildConfiguration;
			buildSettings = {
				ALWAYS_SEARCH_USER_PATHS = NO;
				CLANG_ANALYZER_NONNULL = YES;
				CLANG_ANALYZER_NUMBER_OBJECT_CONVERSION = YES_AGGRESSIVE;
				CLANG_CXX_LANGUAGE_STANDARD = "gnu++14";
				CLANG_CXX_LIBRARY = "libc++";
				CLANG_ENABLE_MODULES = YES;
				CLANG_ENABLE_OBJC_ARC = YES;
				CLANG_WARN_BLOCK_CAPTURE_AUTORELEASING = YES;
				CLANG_WARN_BOOL_CONVERSION = YES;
				CLANG_WARN_COMMA = YES;
				CLANG_WARN_CONSTANT_CONVERSION = YES;
				CLANG_WARN_DIRECT_OBJC_ISA_USAGE = YES_ERROR;
				CLANG_WARN_DOCUMENTATION_COMMENTS = YES;
				CLANG_WARN_EMPTY_BODY = YES;
				CLANG_WARN_ENUM_CONVERSION = YES;
				CLANG_WARN_INFINITE_RECURSION = YES;
				CLANG_WARN_INT_CONVERSION = YES;
				CLANG_WARN_NON_LITERAL_NULL_CONVERSION = YES;
				CLANG_WARN_OBJC_LITERAL_CONVERSION = YES;
				CLANG_WARN_OBJC_ROOT_CLASS = YES_ERROR;
				CLANG_WARN_RANGE_LOOP_ANALYSIS = YES;
				CLANG_WARN_STRICT_PROTOTYPES = YES;
				CLANG_WARN_SUSPICIOUS_MOVE = YES;
				CLANG_WARN_UNGUARDED_AVAILABILITY = YES_AGGRESSIVE;
				CLANG_WARN_UNREACHABLE_CODE = YES;
				CLANG_WARN__DUPLICATE_METHOD_MATCH = YES;
				CODE_SIGN_IDENTITY = "iPhone Developer";
				COPY_PHASE_STRIP = NO;
				DEBUG_INFORMATION_FORMAT = "dwarf-with-dsym";
				ENABLE_BITCODE = NO;
				ENABLE_NS_ASSERTIONS = NO;
				ENABLE_STRICT_OBJC_MSGSEND = YES;
				GCC_C_LANGUAGE_STANDARD = gnu11;
				GCC_NO_COMMON_BLOCKS = YES;
				GCC_WARN_64_TO_32_BIT_CONVERSION = YES;
				GCC_WARN_ABOUT_RETURN_TYPE = YES_ERROR;
				GCC_WARN_UNDECLARED_SELECTOR = YES;
				GCC_WARN_UNINITIALIZED_AUTOS = YES_AGGRESSIVE;
				GCC_WARN_UNUSED_FUNCTION = YES;
				GCC_WARN_UNUSED_VARIABLE = YES;
				IPHONEOS_DEPLOYMENT_TARGET = 11.2;
				MTL_ENABLE_DEBUG_INFO = NO;
				SDKROOT = iphoneos;
				SWIFT_OPTIMIZATION_LEVEL = "-Owholemodule";
				VALIDATE_PRODUCT = YES;
			};
			name = Release;
		};
		D311387F204D56D300DF47AF /* Debug */ = {
			isa = XCBuildConfiguration;
			baseConfigurationReference = BC32574FBB018C01F75E6A18 /* Pods-Readsome.debug.xcconfig */;
			buildSettings = {
				ASSETCATALOG_COMPILER_APPICON_NAME = AppIcon;
				CODE_SIGN_STYLE = Automatic;
				DEVELOPMENT_TEAM = 35SDB2P5QM;
				INFOPLIST_FILE = Readsome/Info.plist;
				LD_RUNPATH_SEARCH_PATHS = "$(inherited) @executable_path/Frameworks";
				PRODUCT_BUNDLE_IDENTIFIER = it.unisa.diem.Readsome;
				PRODUCT_NAME = "$(TARGET_NAME)";
				SWIFT_VERSION = 4.0;
				TARGETED_DEVICE_FAMILY = "1,2";
			};
			name = Debug;
		};
		D3113880204D56D300DF47AF /* Release */ = {
			isa = XCBuildConfiguration;
			baseConfigurationReference = 1A5EAC65B80E1117132DB106 /* Pods-Readsome.release.xcconfig */;
			buildSettings = {
				ASSETCATALOG_COMPILER_APPICON_NAME = AppIcon;
				CODE_SIGN_STYLE = Automatic;
				DEVELOPMENT_TEAM = 35SDB2P5QM;
				INFOPLIST_FILE = Readsome/Info.plist;
				LD_RUNPATH_SEARCH_PATHS = "$(inherited) @executable_path/Frameworks";
				PRODUCT_BUNDLE_IDENTIFIER = it.unisa.diem.Readsome;
				PRODUCT_NAME = "$(TARGET_NAME)";
				SWIFT_VERSION = 4.0;
				TARGETED_DEVICE_FAMILY = "1,2";
			};
			name = Release;
		};
		D3113882204D56D300DF47AF /* Debug */ = {
			isa = XCBuildConfiguration;
			baseConfigurationReference = 41C40D68DC2F2CF534730B08 /* Pods-ReadsomeTests.debug.xcconfig */;
			buildSettings = {
				ALWAYS_EMBED_SWIFT_STANDARD_LIBRARIES = YES;
				BUNDLE_LOADER = "$(TEST_HOST)";
				CODE_SIGN_STYLE = Automatic;
				DEVELOPMENT_TEAM = K8WJKQA676;
				INFOPLIST_FILE = ReadsomeTests/Info.plist;
				LD_RUNPATH_SEARCH_PATHS = "$(inherited) @executable_path/Frameworks @loader_path/Frameworks";
				PRODUCT_BUNDLE_IDENTIFIER = it.unisa.diem.ReadsomeTests;
				PRODUCT_NAME = "$(TARGET_NAME)";
				SWIFT_VERSION = 4.0;
				TARGETED_DEVICE_FAMILY = "1,2";
				TEST_HOST = "$(BUILT_PRODUCTS_DIR)/Readsome.app/Readsome";
			};
			name = Debug;
		};
		D3113883204D56D300DF47AF /* Release */ = {
			isa = XCBuildConfiguration;
			baseConfigurationReference = 82E44719498EB3066EE543DC /* Pods-ReadsomeTests.release.xcconfig */;
			buildSettings = {
				ALWAYS_EMBED_SWIFT_STANDARD_LIBRARIES = YES;
				BUNDLE_LOADER = "$(TEST_HOST)";
				CODE_SIGN_STYLE = Automatic;
				DEVELOPMENT_TEAM = K8WJKQA676;
				INFOPLIST_FILE = ReadsomeTests/Info.plist;
				LD_RUNPATH_SEARCH_PATHS = "$(inherited) @executable_path/Frameworks @loader_path/Frameworks";
				PRODUCT_BUNDLE_IDENTIFIER = it.unisa.diem.ReadsomeTests;
				PRODUCT_NAME = "$(TARGET_NAME)";
				SWIFT_VERSION = 4.0;
				TARGETED_DEVICE_FAMILY = "1,2";
				TEST_HOST = "$(BUILT_PRODUCTS_DIR)/Readsome.app/Readsome";
			};
			name = Release;
		};
		D3113885204D56D300DF47AF /* Debug */ = {
			isa = XCBuildConfiguration;
			baseConfigurationReference = BD8B2BDFEDE4D415558566AC /* Pods-ReadsomeUITests.debug.xcconfig */;
			buildSettings = {
				ALWAYS_EMBED_SWIFT_STANDARD_LIBRARIES = YES;
				CODE_SIGN_STYLE = Automatic;
				DEVELOPMENT_TEAM = K8WJKQA676;
				INFOPLIST_FILE = ReadsomeUITests/Info.plist;
				LD_RUNPATH_SEARCH_PATHS = "$(inherited) @executable_path/Frameworks @loader_path/Frameworks";
				PRODUCT_BUNDLE_IDENTIFIER = it.unisa.diem.ReadsomeUITests;
				PRODUCT_NAME = "$(TARGET_NAME)";
				SWIFT_VERSION = 4.0;
				TARGETED_DEVICE_FAMILY = "1,2";
				TEST_TARGET_NAME = Readsome;
			};
			name = Debug;
		};
		D3113886204D56D300DF47AF /* Release */ = {
			isa = XCBuildConfiguration;
			baseConfigurationReference = A9BB21CFBA135987DFE0946E /* Pods-ReadsomeUITests.release.xcconfig */;
			buildSettings = {
				ALWAYS_EMBED_SWIFT_STANDARD_LIBRARIES = YES;
				CODE_SIGN_STYLE = Automatic;
				DEVELOPMENT_TEAM = K8WJKQA676;
				INFOPLIST_FILE = ReadsomeUITests/Info.plist;
				LD_RUNPATH_SEARCH_PATHS = "$(inherited) @executable_path/Frameworks @loader_path/Frameworks";
				PRODUCT_BUNDLE_IDENTIFIER = it.unisa.diem.ReadsomeUITests;
				PRODUCT_NAME = "$(TARGET_NAME)";
				SWIFT_VERSION = 4.0;
				TARGETED_DEVICE_FAMILY = "1,2";
				TEST_TARGET_NAME = Readsome;
			};
			name = Release;
		};
/* End XCBuildConfiguration section */

/* Begin XCConfigurationList section */
		D311384E204D56D200DF47AF /* Build configuration list for PBXProject "Readsome" */ = {
			isa = XCConfigurationList;
			buildConfigurations = (
				D311387C204D56D300DF47AF /* Debug */,
				D311387D204D56D300DF47AF /* Release */,
			);
			defaultConfigurationIsVisible = 0;
			defaultConfigurationName = Release;
		};
		D311387E204D56D300DF47AF /* Build configuration list for PBXNativeTarget "Readsome" */ = {
			isa = XCConfigurationList;
			buildConfigurations = (
				D311387F204D56D300DF47AF /* Debug */,
				D3113880204D56D300DF47AF /* Release */,
			);
			defaultConfigurationIsVisible = 0;
			defaultConfigurationName = Release;
		};
		D3113881204D56D300DF47AF /* Build configuration list for PBXNativeTarget "ReadsomeTests" */ = {
			isa = XCConfigurationList;
			buildConfigurations = (
				D3113882204D56D300DF47AF /* Debug */,
				D3113883204D56D300DF47AF /* Release */,
			);
			defaultConfigurationIsVisible = 0;
			defaultConfigurationName = Release;
		};
		D3113884204D56D300DF47AF /* Build configuration list for PBXNativeTarget "ReadsomeUITests" */ = {
			isa = XCConfigurationList;
			buildConfigurations = (
				D3113885204D56D300DF47AF /* Debug */,
				D3113886204D56D300DF47AF /* Release */,
			);
			defaultConfigurationIsVisible = 0;
			defaultConfigurationName = Release;
		};
/* End XCConfigurationList section */

/* Begin XCVersionGroup section */
		D311385D204D56D200DF47AF /* Readsome.xcdatamodeld */ = {
			isa = XCVersionGroup;
			children = (
				D311385E204D56D200DF47AF /* Readsome.xcdatamodel */,
			);
			currentVersion = D311385E204D56D200DF47AF /* Readsome.xcdatamodel */;
			path = Readsome.xcdatamodeld;
			sourceTree = "<group>";
			versionGroupType = wrapper.xcdatamodel;
		};
/* End XCVersionGroup section */
	};
	rootObject = D311384B204D56D200DF47AF /* Project object */;
}
